
Microsoft Visual Studio Solution File, Format Version 12.00
# Visual Studio 15
Project("{FAE04EC0-301F-11D3-BF4B-00C04F79EFBC}") = "CDISC_StopSpildLokaltBackEnd", "CDISC_StopLokaltSpildBackEnd\CDISC_StopSpildLokaltBackEnd.csproj", "{BFE46CBD-5AF8-4001-B866-23E5665A4317}"
EndProject
Global
	GlobalSection(SolutionConfigurationPlatforms) = preSolution
		Debug|Any CPU = Debug|Any CPU
		Release|Any CPU = Release|Any CPU
	EndGlobalSection
	GlobalSection(ProjectConfigurationPlatforms) = postSolution
		{BFE46CBD-5AF8-4001-B866-23E5665A4317}.Debug|Any CPU.ActiveCfg = Debug|Any CPU
		{BFE46CBD-5AF8-4001-B866-23E5665A4317}.Debug|Any CPU.Build.0 = Debug|Any CPU
		{BFE46CBD-5AF8-4001-B866-23E5665A4317}.Release|Any CPU.ActiveCfg = Release|Any CPU
		{BFE46CBD-5AF8-4001-B866-23E5665A4317}.Release|Any CPU.Build.0 = Release|Any CPU
	EndGlobalSection
EndGlobal
